schema: '2.0'
stages:
  data_ingestion:
    cmd: python src/deepClassifier/pipeline/stage_01_data_ingestion.py
    deps:
    - path: configs/config.yaml
      hash: md5
      md5: 8e09c811131862534623d104d28c7ab5
      size: 867
    - path: src/deepClassifier/pipeline/stage_01_data_ingestion.py
      hash: md5
      md5: 3cedee670376bba9e2417db2673eb3b7
      size: 736
    outs:
    - path: artifacts/data_ingestion/PetImages
      hash: md5
      md5: 3a5cf86541f22c236620ce5b952ad684.dir
      size: 848866410
      nfiles: 24998
  prepare_base_model:
    cmd: python src/deepClassifier/pipeline/stage_02_prepare_base_model.py
    deps:
    - path: configs/config.yaml
      hash: md5
      md5: 8e09c811131862534623d104d28c7ab5
      size: 867
    - path: src/deepClassifier/pipeline/stage_02_prepare_base_model.py
      hash: md5
      md5: 2eea17f80cdafdc7f6e2e344ddeb0af0
      size: 830
    params:
      params.yaml:
        CLASSES: 2
        IMAGE_SIZE:
        - 224
        - 224
        - 3
        INCLUDE_TOP: false
        LEARNING_RATE: 0.01
        WEIGHTS: imagenet
    outs:
    - path: artifacts/prepare_base_model
      hash: md5
      md5: 8ce2abca7d9378edef15e3649fe68c15.dir
      size: 118059248
      nfiles: 2
  training:
    cmd: python src/deepClassifier/pipeline/stage_03_training.py
    deps:
    - path: artifacts/data_ingestion/PetImages
      hash: md5
      md5: 3a5cf86541f22c236620ce5b952ad684.dir
      size: 848866410
      nfiles: 24998
    - path: artifacts/prepare_base_model
      hash: md5
      md5: 8ce2abca7d9378edef15e3649fe68c15.dir
      size: 118059248
      nfiles: 2
    - path: configs/config.yaml
      hash: md5
      md5: 8e09c811131862534623d104d28c7ab5
      size: 867
    - path: src/deepClassifier/components/prepare_callback.py
      hash: md5
      md5: 2cfe83be009f0c65b2ef14cd62c967e5
      size: 917
    - path: src/deepClassifier/pipeline/stage_03_training.py
      hash: md5
      md5: ec87d76b3a0dfde5c68e6714579a7226
      size: 1005
    params:
      params.yaml:
        AUGMENTATION: true
        BATCH_SIZE: 16
        EPOCHS: 1
        IMAGE_SIZE:
        - 224
        - 224
        - 3
    outs:
    - path: artifacts/training/model.h5
      hash: md5
      md5: 4ed33d378067982ce839727c14bed078
      size: 59340720
  evaluation:
    cmd: python src/deepClassifier/pipeline/stage_04_evaluation.py
    deps:
    - path: artifacts/data_ingestion/PetImages
      hash: md5
      md5: 3a5cf86541f22c236620ce5b952ad684.dir
      size: 848866410
      nfiles: 24998
    - path: artifacts/training/model.h5
      hash: md5
      md5: 4ed33d378067982ce839727c14bed078
      size: 59340720
    - path: configs/config.yaml
      hash: md5
      md5: 8e09c811131862534623d104d28c7ab5
      size: 867
    - path: src/deepClassifier/pipeline/stage_04_evaluation.py
      hash: md5
      md5: 190735459371a285b252ecb209bece99
      size: 699
    params:
      params.yaml:
        BATCH_SIZE: 16
        IMAGE_SIZE:
        - 224
        - 224
        - 3
    outs:
    - path: scores.json
      hash: md5
      md5: 19dfc9fb68754f449f4b8af61da8b959
      size: 73
